
Microsoft Visual Studio Solution File, Format Version 12.00
# Visual Studio Version 16
VisualStudioVersion = 16.0.29613.14
MinimumVisualStudioVersion = 10.0.40219.1
Project("{FAE04EC0-301F-11D3-BF4B-00C04F79EFBC}") = "JobSearchTrackerAPI", "JobSearchTrackerAPI\JobSearchTrackerAPI.csproj", "{D2AA6F52-E38E-4276-B608-182D50597568}"
EndProject
Global
	GlobalSection(SolutionConfigurationPlatforms) = preSolution
		Debug|Any CPU = Debug|Any CPU
		Release|Any CPU = Release|Any CPU
	EndGlobalSection
	GlobalSection(ProjectConfigurationPlatforms) = postSolution
		{D2AA6F52-E38E-4276-B608-182D50597568}.Debug|Any CPU.ActiveCfg = Debug|Any CPU
		{D2AA6F52-E38E-4276-B608-182D50597568}.Debug|Any CPU.Build.0 = Debug|Any CPU
		{D2AA6F52-E38E-4276-B608-182D50597568}.Release|Any CPU.ActiveCfg = Release|Any CPU
		{D2AA6F52-E38E-4276-B608-182D50597568}.Release|Any CPU.Build.0 = Release|Any CPU
	EndGlobalSection
	GlobalSection(SolutionProperties) = preSolution
		HideSolutionNode = FALSE
	EndGlobalSection
	GlobalSection(ExtensibilityGlobals) = postSolution
		SolutionGuid = {C8CD24A2-06D8-470E-AB90-02510107E5C8}
	EndGlobalSection
EndGlobal
